
Microsoft Visual Studio Solution File, Format Version 12.00
# Visual Studio Version 17
VisualStudioVersion = 17.3.32901.215
MinimumVisualStudioVersion = 10.0.40219.1
Project("{FAE04EC0-301F-11D3-BF4B-00C04F79EFBC}") = "flashCards.Android", "flashCards\flashCards.Android\flashCards.Android.csproj", "{15866838-7CBD-488B-8D61-2E83C390DC5D}"
EndProject
Project("{9A19103F-16F7-4668-BE54-9A1E7A4F7556}") = "flashCards", "flashCards\flashCards\flashCards.csproj", "{BD5EA962-D6C0-4B8E-9B84-CFAF97FA50C0}"
EndProject
Global
	GlobalSection(SolutionConfigurationPlatforms) = preSolution
		Debug|Any CPU = Debug|Any CPU
		Release|Any CPU = Release|Any CPU
	EndGlobalSection
	GlobalSection(ProjectConfigurationPlatforms) = postSolution
		{15866838-7CBD-488B-8D61-2E83C390DC5D}.Debug|Any CPU.ActiveCfg = Debug|Any CPU
		{15866838-7CBD-488B-8D61-2E83C390DC5D}.Debug|Any CPU.Build.0 = Debug|Any CPU
		{15866838-7CBD-488B-8D61-2E83C390DC5D}.Debug|Any CPU.Deploy.0 = Debug|Any CPU
		{15866838-7CBD-488B-8D61-2E83C390DC5D}.Release|Any CPU.ActiveCfg = Release|Any CPU
		{15866838-7CBD-488B-8D61-2E83C390DC5D}.Release|Any CPU.Build.0 = Release|Any CPU
		{15866838-7CBD-488B-8D61-2E83C390DC5D}.Release|Any CPU.Deploy.0 = Release|Any CPU
		{BD5EA962-D6C0-4B8E-9B84-CFAF97FA50C0}.Debug|Any CPU.ActiveCfg = Debug|Any CPU
		{BD5EA962-D6C0-4B8E-9B84-CFAF97FA50C0}.Debug|Any CPU.Build.0 = Debug|Any CPU
		{BD5EA962-D6C0-4B8E-9B84-CFAF97FA50C0}.Debug|Any CPU.Deploy.0 = Debug|Any CPU
		{BD5EA962-D6C0-4B8E-9B84-CFAF97FA50C0}.Release|Any CPU.ActiveCfg = Release|Any CPU
		{BD5EA962-D6C0-4B8E-9B84-CFAF97FA50C0}.Release|Any CPU.Build.0 = Release|Any CPU
		{BD5EA962-D6C0-4B8E-9B84-CFAF97FA50C0}.Release|Any CPU.Deploy.0 = Release|Any CPU
	EndGlobalSection
	GlobalSection(SolutionProperties) = preSolution
		HideSolutionNode = FALSE
	EndGlobalSection
	GlobalSection(ExtensibilityGlobals) = postSolution
		SolutionGuid = {230AEC09-B6AE-46CA-947E-71B5EE48DE74}
	EndGlobalSection
EndGlobal
